<?xml version="1.0" encoding="utf-8"?>
<Project ToolsVersion="4.0" xmlns="http://schemas.microsoft.com/developer/msbuild/2003">
  <ItemGroup>
    <Filter Include="Source Files">
      <UniqueIdentifier>{4FC737F1-C7A5-4376-A066-2A32D752A2FF}</UniqueIdentifier>
      <Extensions>cpp;c;cc;cxx;def;odl;idl;hpj;bat;asm;asmx</Extensions>
    </Filter>
    <Filter Include="Header Files">
      <UniqueIdentifier>{93995380-89BD-4b04-88EB-625FBE52EBFB}</UniqueIdentifier>
      <Extensions>h;hpp;hxx;hm;inl;inc;xsd</Extensions>
    </Filter>
    <Filter Include="Resource Files">
      <UniqueIdentifier>{67DA6AB6-F800-4c08-8B7A-83BB121AAD01}</UniqueIdentifier>
      <Extensions>rc;ico;cur;bmp;dlg;rc2;rct;bin;rgs;gif;jpg;jpeg;jpe;resx;tiff;tif;png;wav;mfcribbon-ms</Extensions>
    </Filter>
    <Filter Include="GLSL">
      <UniqueIdentifier>{68630cd6-7986-4240-83bc-88f6db627e53}</UniqueIdentifier>
    </Filter>
    <Filter Include="Base">
      <UniqueIdentifier>{59920eae-cf34-44d2-aabd-39e0ef54eae6}</UniqueIdentifier>
    </Filter>
    <Filter Include="Logic">
      <UniqueIdentifier>{9d99a78a-7f84-4a76-9d72-0ee1a6031430}</UniqueIdentifier>
    </Filter>
    <Filter Include="Objects">
      <UniqueIdentifier>{dd42a8b3-aea3-44ce-a33e-a1aea4ee0f1e}</UniqueIdentifier>
    </Filter>
  </ItemGroup>
  <ItemGroup>
    <ClCompile Include="GLee.c">
      <Filter>Source Files</Filter>
    </ClCompile>
    <ClCompile Include="main.cpp">
      <Filter>Source Files</Filter>
    </ClCompile>
    <ClCompile Include="pgr.cpp">
      <Filter>Source Files</Filter>
    </ClCompile>
    <ClCompile Include="Base\MainLoop.cpp">
      <Filter>Base</Filter>
    </ClCompile>
    <ClCompile Include="Base\Screen.cpp">
      <Filter>Base</Filter>
    </ClCompile>
    <ClCompile Include="Base\PathFollower.cpp">
      <Filter>Base</Filter>
    </ClCompile>
    <ClCompile Include="Logic\GameLogic.cpp">
      <Filter>Logic</Filter>
    </ClCompile>
    <ClCompile Include="Objects\Planet.cpp">
      <Filter>Objects</Filter>
    </ClCompile>
    <ClCompile Include="Objects\Ship.cpp">
      <Filter>Objects</Filter>
    </ClCompile>
    <ClCompile Include="Logic\DesignLogic.cpp">
      <Filter>Logic</Filter>
    </ClCompile>
    <ClCompile Include="Objects\HeightMap.cpp">
      <Filter>Objects</Filter>
    </ClCompile>
    <ClCompile Include="Objects\PlanetaryMap.cpp">
      <Filter>Objects</Filter>
    </ClCompile>
    <ClCompile Include="Objects\ROAMSphere.cpp">
      <Filter>Objects</Filter>
    </ClCompile>
    <ClCompile Include="Objects\SurfaceMap.cpp">
      <Filter>Objects</Filter>
    </ClCompile>
    <ClCompile Include="Base\GLUtil.cpp">
      <Filter>Base</Filter>
    </ClCompile>
    <ClCompile Include="Base\Math.cpp">
      <Filter>Base</Filter>
    </ClCompile>
    <ClCompile Include="Base\Matrix.cpp">
      <Filter>Base</Filter>
    </ClCompile>
    <ClCompile Include="Base\Noise.cpp">
      <Filter>Base</Filter>
    </ClCompile>
    <ClCompile Include="Base\PixelBuffer.cpp">
      <Filter>Base</Filter>
    </ClCompile>
    <ClCompile Include="Base\Texture.cpp">
      <Filter>Base</Filter>
    </ClCompile>
    <ClCompile Include="Objects\SkyBox.cpp">
      <Filter>Objects</Filter>
    </ClCompile>
    <ClCompile Include="Base\TextureManager.cpp">
      <Filter>Base</Filter>
    </ClCompile>
    <ClCompile Include="Base\World.cpp">
      <Filter>Base</Filter>
    </ClCompile>
    <ClCompile Include="Base\ModelManager.cpp">
      <Filter>Base</Filter>
    </ClCompile>
    <ClCompile Include="Objects\Plant.cpp">
      <Filter>Objects</Filter>
    </ClCompile>
    <ClCompile Include="Base\ObjectManager.cpp">
      <Filter>Base</Filter>
    </ClCompile>
    <ClCompile Include="Base\MaterialManager.cpp">
      <Filter>Base</Filter>
    </ClCompile>
    <ClCompile Include="Base\LodManager.cpp">
      <Filter>Base</Filter>
    </ClCompile>
    <ClCompile Include="Base\GroupObjectManager.cpp">
      <Filter>Base</Filter>
    </ClCompile>
    <ClCompile Include="Objects\GroupObjectRenderableBase.cpp">
      <Filter>Objects</Filter>
    </ClCompile>
    <ClCompile Include="Objects\Plant1.cpp">
      <Filter>Objects</Filter>
    </ClCompile>
    <ClCompile Include="Objects\Box.cpp">
      <Filter>Objects</Filter>
    </ClCompile>
    <ClCompile Include="Objects\Hero.cpp">
      <Filter>Objects</Filter>
    </ClCompile>
    <ClCompile Include="Objects\ROAMTriangle.cpp">
      <Filter>Objects</Filter>
    </ClCompile>
    <ClCompile Include="Base\FontManager.cpp">
      <Filter>Base</Filter>
    </ClCompile>
    <ClCompile Include="Objects\Text.cpp">
      <Filter>Objects</Filter>
    </ClCompile>
    <ClCompile Include="Base\PathLoader.cpp">
      <Filter>Base</Filter>
    </ClCompile>
    <ClCompile Include="Base\MapGenerator.cpp">
      <Filter>Base</Filter>
    </ClCompile>
    <ClCompile Include="Objects\Cat.cpp">
      <Filter>Objects</Filter>
    </ClCompile>
  </ItemGroup>
  <ItemGroup>
    <ClInclude Include="pgr.h">
      <Filter>Header Files</Filter>
    </ClInclude>
    <ClInclude Include="GLee.h">
      <Filter>Header Files</Filter>
    </ClInclude>
    <ClInclude Include="Base\MainLoop.h">
      <Filter>Base</Filter>
    </ClInclude>
    <ClInclude Include="Base\Screen.h">
      <Filter>Base</Filter>
    </ClInclude>
    <ClInclude Include="Base\PathFollower.h">
      <Filter>Base</Filter>
    </ClInclude>
    <ClInclude Include="Logic\GameLogic.h">
      <Filter>Logic</Filter>
    </ClInclude>
    <ClInclude Include="Objects\Ship.h">
      <Filter>Objects</Filter>
    </ClInclude>
    <ClInclude Include="Objects\Planet.h">
      <Filter>Objects</Filter>
    </ClInclude>
    <ClInclude Include="Logic\AbstractLogic.h">
      <Filter>Logic</Filter>
    </ClInclude>
    <ClInclude Include="Logic\DesignLogic.h">
      <Filter>Logic</Filter>
    </ClInclude>
    <ClInclude Include="Objects\HeightMap.h">
      <Filter>Objects</Filter>
    </ClInclude>
    <ClInclude Include="Objects\PlanetaryMap.h">
      <Filter>Objects</Filter>
    </ClInclude>
    <ClInclude Include="Objects\ROAMDiamond.h">
      <Filter>Objects</Filter>
    </ClInclude>
    <ClInclude Include="Objects\ROAMSphere.h">
      <Filter>Objects</Filter>
    </ClInclude>
    <ClInclude Include="Objects\ROAMTriangle.h">
      <Filter>Objects</Filter>
    </ClInclude>
    <ClInclude Include="Objects\SurfaceMap.h">
      <Filter>Objects</Filter>
    </ClInclude>
    <ClInclude Include="Base\GLUtil.h">
      <Filter>Base</Filter>
    </ClInclude>
    <ClInclude Include="Base\ListTemplates.h">
      <Filter>Base</Filter>
    </ClInclude>
    <ClInclude Include="Base\Math.h">
      <Filter>Base</Filter>
    </ClInclude>
    <ClInclude Include="Base\Matrix.h">
      <Filter>Base</Filter>
    </ClInclude>
    <ClInclude Include="Base\Noise.h">
      <Filter>Base</Filter>
    </ClInclude>
    <ClInclude Include="Base\PixelBuffer.h">
      <Filter>Base</Filter>
    </ClInclude>
    <ClInclude Include="Base\Texture.h">
      <Filter>Base</Filter>
    </ClInclude>
    <ClInclude Include="Objects\SkyBox.h">
      <Filter>Objects</Filter>
    </ClInclude>
    <ClInclude Include="Base\TextureManager.h">
      <Filter>Base</Filter>
    </ClInclude>
    <ClInclude Include="Base\World.h">
      <Filter>Base</Filter>
    </ClInclude>
    <ClInclude Include="Base\ModelManager.h">
      <Filter>Base</Filter>
    </ClInclude>
    <ClInclude Include="Objects\Plant.h">
      <Filter>Objects</Filter>
    </ClInclude>
    <ClInclude Include="Base\MaterialManager.h">
      <Filter>Base</Filter>
    </ClInclude>
    <ClInclude Include="Base\ObjectManager.h">
      <Filter>Base</Filter>
    </ClInclude>
    <ClInclude Include="Base\LodManager.h">
      <Filter>Base</Filter>
    </ClInclude>
    <ClInclude Include="Objects\Object.h">
      <Filter>Objects</Filter>
    </ClInclude>
    <ClInclude Include="Objects\GroupObjectRenderableBase.h">
      <Filter>Objects</Filter>
    </ClInclude>
    <ClInclude Include="Base\GroupObjectManager.h">
      <Filter>Base</Filter>
    </ClInclude>
    <ClInclude Include="Objects\Plant1.h">
      <Filter>Objects</Filter>
    </ClInclude>
    <ClInclude Include="Objects\Box.h">
      <Filter>Objects</Filter>
    </ClInclude>
    <ClInclude Include="Objects\Hero.h">
      <Filter>Objects</Filter>
    </ClInclude>
    <ClInclude Include="Base\FontManager.h">
      <Filter>Base</Filter>
    </ClInclude>
    <ClInclude Include="Objects\Text.h">
      <Filter>Objects</Filter>
    </ClInclude>
    <ClInclude Include="Base\PathLoader.h">
      <Filter>Base</Filter>
    </ClInclude>
    <ClInclude Include="Base\MapGenerator.h">
      <Filter>Base</Filter>
    </ClInclude>
    <ClInclude Include="Objects\Cat.h">
      <Filter>Objects</Filter>
    </ClInclude>
  </ItemGroup>
</Project>